<?xml version="1.0" encoding="utf-8"?>
<Project ToolsVersion="4.0" xmlns="http://schemas.microsoft.com/developer/msbuild/2003">
  <ItemGroup>
    <Filter Include="Source">
      <UniqueIdentifier>{1608d185-4f77-4d78-b4d5-99bcfde360e5}</UniqueIdentifier>
    </Filter>
    <Filter Include="Include">
      <UniqueIdentifier>{528bb9db-63c1-4cb9-a2e8-f192ec35ccc6}</UniqueIdentifier>
    </Filter>
    <Filter Include="Main">
      <UniqueIdentifier>{6327e256-cb12-4daa-988b-d0e0bdebfe29}</UniqueIdentifier>
    </Filter>
  </ItemGroup>
  <ItemGroup>
    <ClCompile Include="Main.cpp">
      <Filter>Main</Filter>
    </ClCompile>
    <ClCompile Include="RenderGL.cpp">
      <Filter>Source</Filter>
    </ClCompile>
    <ClCompile Include="IRenderableGL.cpp">
      <Filter>Source</Filter>
    </ClCompile>
    <ClCompile Include="..\stb_image_impl.cpp">
      <Filter>Source</Filter>
    </ClCompile>
    <ClCompile Include="Shader.cpp">
      <Filter>Source</Filter>
    </ClCompile>
    <ClCompile Include="ShaderProgram.cpp">
      <Filter>Source</Filter>
    </ClCompile>
  </ItemGroup>
  <ItemGroup>
    <ClInclude Include="Base_include.h" />
    <ClInclude Include="RenderGL.h">
      <Filter>Include</Filter>
    </ClInclude>
    <ClInclude Include="IRenderableGL.h">
      <Filter>Include</Filter>
    </ClInclude>
    <ClInclude Include="Shader.h">
      <Filter>Include</Filter>
    </ClInclude>
    <ClInclude Include="ShaderProgram.h">
      <Filter>Include</Filter>
    </ClInclude>
  </ItemGroup>
</Project>