<?xml version="1.0" encoding="utf-8"?>
<Project ToolsVersion="4.0" xmlns="http://schemas.microsoft.com/developer/msbuild/2003">
  <ItemGroup>
    <Filter Include="Intrefaces">
      <UniqueIdentifier>{29cb40d7-8a7e-4042-aafd-2c69aa65fdaa}</UniqueIdentifier>
    </Filter>
    <Filter Include="Main">
      <UniqueIdentifier>{fdf3df9e-28c9-4065-9284-2e1299734af9}</UniqueIdentifier>
    </Filter>
    <Filter Include="Export">
      <UniqueIdentifier>{3b669b33-6999-4b9b-ae7b-55a7f74a1118}</UniqueIdentifier>
    </Filter>
  </ItemGroup>
  <ItemGroup>
    <ClInclude Include="RenderManager.h">
      <Filter>Intrefaces</Filter>
    </ClInclude>
    <ClInclude Include="IRenderable.h">
      <Filter>Intrefaces</Filter>
    </ClInclude>
    <ClInclude Include="Base_include.h" />
    <ClInclude Include="QRender.h">
      <Filter>Export</Filter>
    </ClInclude>
  </ItemGroup>
  <ItemGroup>
    <ClCompile Include="Main.cpp">
      <Filter>Main</Filter>
    </ClCompile>
    <ClCompile Include="QRender.cpp">
      <Filter>Main</Filter>
    </ClCompile>
  </ItemGroup>
</Project>