<?xml version="1.0" encoding="utf-8"?>
<Project ToolsVersion="4.0" xmlns="http://schemas.microsoft.com/developer/msbuild/2003">
  <ItemGroup>
    <Filter Include="Main">
      <UniqueIdentifier>{74e605e3-16a3-4e47-9abd-b9eaee8059fc}</UniqueIdentifier>
    </Filter>
    <Filter Include="Compiler">
      <UniqueIdentifier>{fa555573-d0a7-45ae-9a0d-e6fadc8c932f}</UniqueIdentifier>
    </Filter>
  </ItemGroup>
  <ItemGroup>
    <ClCompile Include="Main.cpp">
      <Filter>Main</Filter>
    </ClCompile>
    <ClCompile Include="CLogManager.cpp">
      <Filter>Main</Filter>
    </ClCompile>
    <ClCompile Include="FileSystem.cpp">
      <Filter>Main</Filter>
    </ClCompile>
    <ClCompile Include="CSpriteManager.cpp">
      <Filter>Main</Filter>
    </ClCompile>
    <ClCompile Include="CSprite.cpp">
      <Filter>Main</Filter>
    </ClCompile>
    <ClCompile Include="Utils.cpp">
      <Filter>Main</Filter>
    </ClCompile>
    <ClCompile Include="Compiler.cpp">
      <Filter>Compiler</Filter>
    </ClCompile>
    <ClCompile Include="Raw.cpp">
      <Filter>Compiler</Filter>
    </ClCompile>
  </ItemGroup>
  <ItemGroup>
    <ClInclude Include="CLogManager.h">
      <Filter>Main</Filter>
    </ClInclude>
    <ClInclude Include="FileSystem.h">
      <Filter>Main</Filter>
    </ClInclude>
    <ClInclude Include="resource.h" />
    <ClInclude Include="CSpriteManager.h">
      <Filter>Main</Filter>
    </ClInclude>
    <ClInclude Include="CSprite.h">
      <Filter>Main</Filter>
    </ClInclude>
    <ClInclude Include="NVector.h">
      <Filter>Main</Filter>
    </ClInclude>
    <ClInclude Include="Main.h">
      <Filter>Main</Filter>
    </ClInclude>
    <ClInclude Include="Utils.h">
      <Filter>Main</Filter>
    </ClInclude>
    <ClInclude Include="Compiler.h">
      <Filter>Compiler</Filter>
    </ClInclude>
    <ClInclude Include="Raw.h">
      <Filter>Compiler</Filter>
    </ClInclude>
    <ClInclude Include="..\engine\engine\LevelStructure.h">
      <Filter>Compiler</Filter>
    </ClInclude>
  </ItemGroup>
  <ItemGroup>
    <ResourceCompile Include="LevelEditor.rc" />
  </ItemGroup>
</Project>