<?xml version="1.0" encoding="utf-8"?>
<Project ToolsVersion="4.0" xmlns="http://schemas.microsoft.com/developer/msbuild/2003">
  <ItemGroup>
    <Filter Include="Include">
      <UniqueIdentifier>{d499c6c2-9735-4a60-b0fa-f7a93a825ab6}</UniqueIdentifier>
    </Filter>
    <Filter Include="Main">
      <UniqueIdentifier>{96a79677-3319-4601-a0e6-0fe3351dbd1e}</UniqueIdentifier>
    </Filter>
    <Filter Include="Source">
      <UniqueIdentifier>{093924a2-6339-477c-9d6b-c56b86f9c5f6}</UniqueIdentifier>
    </Filter>
  </ItemGroup>
  <ItemGroup>
    <ClInclude Include="Base_include.h" />
    <ClInclude Include="Render9.h">
      <Filter>Include</Filter>
    </ClInclude>
    <ClInclude Include="IRenderable9.h">
      <Filter>Include</Filter>
    </ClInclude>
  </ItemGroup>
  <ItemGroup>
    <ClCompile Include="Main.cpp">
      <Filter>Main</Filter>
    </ClCompile>
    <ClCompile Include="Render9.cpp">
      <Filter>Source</Filter>
    </ClCompile>
    <ClCompile Include="IRenderable9.cpp">
      <Filter>Source</Filter>
    </ClCompile>
  </ItemGroup>
</Project>