<?xml version="1.0" encoding="utf-8"?>
<Project ToolsVersion="4.0" xmlns="http://schemas.microsoft.com/developer/msbuild/2003">
  <ItemGroup>
    <Filter Include="Файлы ресурсов">
      <UniqueIdentifier>{67DA6AB6-F800-4c08-8B7A-83BB121AAD01}</UniqueIdentifier>
      <Extensions>rc;ico;cur;bmp;dlg;rc2;rct;bin;rgs;gif;jpg;jpeg;jpe;resx;tiff;tif;png;wav;mfcribbon-ms</Extensions>
    </Filter>
    <Filter Include="Client">
      <UniqueIdentifier>{368a116f-c5ce-4081-b8fa-3d6cea2c1c70}</UniqueIdentifier>
    </Filter>
    <Filter Include="Client\Input">
      <UniqueIdentifier>{9d4a7afd-ff9f-49da-8cdc-e6944da40bc2}</UniqueIdentifier>
    </Filter>
    <Filter Include="Client\SpriteSystem">
      <UniqueIdentifier>{1f013ade-1084-4d2e-af15-1c85e9b6fcf8}</UniqueIdentifier>
    </Filter>
    <Filter Include="Client\UI">
      <UniqueIdentifier>{89615c6d-b9b5-4475-ace9-328dbde9b4c9}</UniqueIdentifier>
    </Filter>
    <Filter Include="Shared">
      <UniqueIdentifier>{7dd81333-6f9d-4a90-b5cf-c3a3bd3577fe}</UniqueIdentifier>
    </Filter>
    <Filter Include="Shared\LogSystem">
      <UniqueIdentifier>{0a5ffa0c-9230-4bea-9461-17bf2f30021e}</UniqueIdentifier>
    </Filter>
    <Filter Include="Shared\Utils">
      <UniqueIdentifier>{4ecc0b23-73bf-4388-8813-3d81c62f0b8e}</UniqueIdentifier>
    </Filter>
    <Filter Include="Server">
      <UniqueIdentifier>{b626937f-0ed8-468c-b5d5-7ce98fdd3354}</UniqueIdentifier>
    </Filter>
    <Filter Include="Client\SoundSystem">
      <UniqueIdentifier>{28c1c04a-53e9-48d7-afb0-a61a7c13c440}</UniqueIdentifier>
    </Filter>
    <Filter Include="Shared\ScriptSystem">
      <UniqueIdentifier>{8fd67ae4-2ba0-434e-b745-7df828012b76}</UniqueIdentifier>
    </Filter>
  </ItemGroup>
  <ItemGroup>
    <ClCompile Include="FileSystem.cpp">
      <Filter>Shared\Utils</Filter>
    </ClCompile>
    <ClCompile Include="Utils.cpp">
      <Filter>Shared\Utils</Filter>
    </ClCompile>
    <ClCompile Include="CLogManager.cpp">
      <Filter>Shared\LogSystem</Filter>
    </ClCompile>
    <ClCompile Include="Client\Client.cpp">
      <Filter>Client</Filter>
    </ClCompile>
    <ClCompile Include="Client\CSpriteManager.cpp">
      <Filter>Client\SpriteSystem</Filter>
    </ClCompile>
    <ClCompile Include="Client\CSprite.cpp">
      <Filter>Client\SpriteSystem</Filter>
    </ClCompile>
    <ClCompile Include="Client\Input.cpp">
      <Filter>Client\Input</Filter>
    </ClCompile>
    <ClCompile Include="Client\Button.cpp">
      <Filter>Client\UI</Filter>
    </ClCompile>
    <ClCompile Include="Client\BaseUIElement.cpp">
      <Filter>Client\UI</Filter>
    </ClCompile>
    <ClCompile Include="Server\Server.cpp">
      <Filter>Server</Filter>
    </ClCompile>
    <ClCompile Include="Main.cpp" />
    <ClCompile Include="Client\CSoundManager.cpp">
      <Filter>Client\SoundSystem</Filter>
    </ClCompile>
    <ClCompile Include="CScriptSystem.cpp">
      <Filter>Shared\ScriptSystem</Filter>
    </ClCompile>
  </ItemGroup>
  <ItemGroup>
    <ClInclude Include="NVector.h">
      <Filter>Shared\Utils</Filter>
    </ClInclude>
    <ClInclude Include="FileSystem.h">
      <Filter>Shared\Utils</Filter>
    </ClInclude>
    <ClInclude Include="Utils.h">
      <Filter>Shared\Utils</Filter>
    </ClInclude>
    <ClInclude Include="CLogManager.h">
      <Filter>Shared\LogSystem</Filter>
    </ClInclude>
    <ClInclude Include="Client\Client.h">
      <Filter>Client</Filter>
    </ClInclude>
    <ClInclude Include="Client\ClientPerems.h">
      <Filter>Client</Filter>
    </ClInclude>
    <ClInclude Include="Client\CSprite.h">
      <Filter>Client\SpriteSystem</Filter>
    </ClInclude>
    <ClInclude Include="Client\CSpriteManager.h">
      <Filter>Client\SpriteSystem</Filter>
    </ClInclude>
    <ClInclude Include="Client\Input.h">
      <Filter>Client\Input</Filter>
    </ClInclude>
    <ClInclude Include="Client\Button.h">
      <Filter>Client\UI</Filter>
    </ClInclude>
    <ClInclude Include="Client\BaseUIElement.h">
      <Filter>Client\UI</Filter>
    </ClInclude>
    <ClInclude Include="Server\Server.h">
      <Filter>Server</Filter>
    </ClInclude>
    <ClInclude Include="Server\ServerPerems.h">
      <Filter>Server</Filter>
    </ClInclude>
    <ClInclude Include="Client\CSoundManager.h">
      <Filter>Client\SoundSystem</Filter>
    </ClInclude>
    <ClInclude Include="CScriptSystem.h">
      <Filter>Shared\ScriptSystem</Filter>
    </ClInclude>
    <ClInclude Include="luabnd_include.h">
      <Filter>Shared\ScriptSystem</Filter>
    </ClInclude>
  </ItemGroup>
</Project>